
Microsoft Visual Studio Solution File, Format Version 12.00
# Visual Studio 14
VisualStudioVersion = 14.0.25420.1
MinimumVisualStudioVersion = 10.0.40219.1
Project("{FAE04EC0-301F-11D3-BF4B-00C04F79EFBC}") = "WebApp", "WebApp\WebApp.csproj", "{B9B89522-943E-4A90-87C5-68891E05D47F}"
	ProjectSection(ProjectDependencies) = postProject
		{89AC82AE-F556-4B94-91F1-86CA28E76F69} = {89AC82AE-F556-4B94-91F1-86CA28E76F69}
		{0B8BA4BB-D001-460A-9E75-8BB51960D1FB} = {0B8BA4BB-D001-460A-9E75-8BB51960D1FB}
	EndProjectSection
EndProject
Project("{FAE04EC0-301F-11D3-BF4B-00C04F79EFBC}") = "BusinessLogic", "BusinessLogic\BusinessLogic.csproj", "{0B8BA4BB-D001-460A-9E75-8BB51960D1FB}"
	ProjectSection(ProjectDependencies) = postProject
		{89AC82AE-F556-4B94-91F1-86CA28E76F69} = {89AC82AE-F556-4B94-91F1-86CA28E76F69}
	EndProjectSection
EndProject
Project("{FAE04EC0-301F-11D3-BF4B-00C04F79EFBC}") = "DataAccessLayer", "DataAccessLayer\DataAccessLayer.csproj", "{A3585BDE-59F7-4579-B869-04AD18A3EC26}"
	ProjectSection(ProjectDependencies) = postProject
		{89AC82AE-F556-4B94-91F1-86CA28E76F69} = {89AC82AE-F556-4B94-91F1-86CA28E76F69}
	EndProjectSection
EndProject
Project("{FAE04EC0-301F-11D3-BF4B-00C04F79EFBC}") = "CommonModel", "CommonModel\CommonModel.csproj", "{89AC82AE-F556-4B94-91F1-86CA28E76F69}"
EndProject
Global
	GlobalSection(SolutionConfigurationPlatforms) = preSolution
		Debug|Any CPU = Debug|Any CPU
		Release|Any CPU = Release|Any CPU
	EndGlobalSection
	GlobalSection(ProjectConfigurationPlatforms) = postSolution
		{B9B89522-943E-4A90-87C5-68891E05D47F}.Debug|Any CPU.ActiveCfg = Debug|Any CPU
		{B9B89522-943E-4A90-87C5-68891E05D47F}.Debug|Any CPU.Build.0 = Debug|Any CPU
		{B9B89522-943E-4A90-87C5-68891E05D47F}.Release|Any CPU.ActiveCfg = Release|Any CPU
		{B9B89522-943E-4A90-87C5-68891E05D47F}.Release|Any CPU.Build.0 = Release|Any CPU
		{0B8BA4BB-D001-460A-9E75-8BB51960D1FB}.Debug|Any CPU.ActiveCfg = Debug|Any CPU
		{0B8BA4BB-D001-460A-9E75-8BB51960D1FB}.Debug|Any CPU.Build.0 = Debug|Any CPU
		{0B8BA4BB-D001-460A-9E75-8BB51960D1FB}.Release|Any CPU.ActiveCfg = Release|Any CPU
		{0B8BA4BB-D001-460A-9E75-8BB51960D1FB}.Release|Any CPU.Build.0 = Release|Any CPU
		{A3585BDE-59F7-4579-B869-04AD18A3EC26}.Debug|Any CPU.ActiveCfg = Debug|Any CPU
		{A3585BDE-59F7-4579-B869-04AD18A3EC26}.Debug|Any CPU.Build.0 = Debug|Any CPU
		{A3585BDE-59F7-4579-B869-04AD18A3EC26}.Release|Any CPU.ActiveCfg = Release|Any CPU
		{A3585BDE-59F7-4579-B869-04AD18A3EC26}.Release|Any CPU.Build.0 = Release|Any CPU
		{89AC82AE-F556-4B94-91F1-86CA28E76F69}.Debug|Any CPU.ActiveCfg = Debug|Any CPU
		{89AC82AE-F556-4B94-91F1-86CA28E76F69}.Debug|Any CPU.Build.0 = Debug|Any CPU
		{89AC82AE-F556-4B94-91F1-86CA28E76F69}.Release|Any CPU.ActiveCfg = Release|Any CPU
		{89AC82AE-F556-4B94-91F1-86CA28E76F69}.Release|Any CPU.Build.0 = Release|Any CPU
	EndGlobalSection
	GlobalSection(SolutionProperties) = preSolution
		HideSolutionNode = FALSE
	EndGlobalSection
EndGlobal
